
Microsoft Visual Studio Solution File, Format Version 12.00
# Visual Studio 14
VisualStudioVersion = 14.0.23107.0
MinimumVisualStudioVersion = 10.0.40219.1
Project("{8BC9CEB8-8B4A-11D0-8D11-00A0C91BC942}") = "DefectDetect", "ConsoleApplication1\ConsoleApplication1.vcxproj", "{AFCB1A12-7FE3-465F-A4F2-AB2D9E007902}"
EndProject
Project("{8BC9CEB8-8B4A-11D0-8D11-00A0C91BC942}") = "AlignmentDefectTest", "AlignmentDefectTest\AlignmentDefectTest.vcxproj", "{28CECD74-BAE0-48DF-9BBC-F119726C3F0F}"
EndProject
Project("{8BC9CEB8-8B4A-11D0-8D11-00A0C91BC942}") = "MotionCaptureTest", "MotionCaptureTest\MotionCaptureTest.vcxproj", "{C3135E94-6FA6-48F8-8127-A4215382B84E}"
EndProject
Project("{8BC9CEB8-8B4A-11D0-8D11-00A0C91BC942}") = "Classifier", "Classifier\Classifier.vcxproj", "{8227241B-5D38-42FF-A2A5-23C3432E357D}"
EndProject
Global
	GlobalSection(SolutionConfigurationPlatforms) = preSolution
		Debug|x64 = Debug|x64
		Debug|x86 = Debug|x86
		Release|x64 = Release|x64
		Release|x86 = Release|x86
	EndGlobalSection
	GlobalSection(ProjectConfigurationPlatforms) = postSolution
		{AFCB1A12-7FE3-465F-A4F2-AB2D9E007902}.Debug|x64.ActiveCfg = Debug|Win32
		{AFCB1A12-7FE3-465F-A4F2-AB2D9E007902}.Debug|x86.ActiveCfg = Debug|Win32
		{AFCB1A12-7FE3-465F-A4F2-AB2D9E007902}.Debug|x86.Build.0 = Debug|Win32
		{AFCB1A12-7FE3-465F-A4F2-AB2D9E007902}.Release|x64.ActiveCfg = Release|Win32
		{AFCB1A12-7FE3-465F-A4F2-AB2D9E007902}.Release|x86.ActiveCfg = Release|Win32
		{AFCB1A12-7FE3-465F-A4F2-AB2D9E007902}.Release|x86.Build.0 = Release|Win32
		{28CECD74-BAE0-48DF-9BBC-F119726C3F0F}.Debug|x64.ActiveCfg = Debug|Win32
		{28CECD74-BAE0-48DF-9BBC-F119726C3F0F}.Debug|x86.ActiveCfg = Debug|Win32
		{28CECD74-BAE0-48DF-9BBC-F119726C3F0F}.Debug|x86.Build.0 = Debug|Win32
		{28CECD74-BAE0-48DF-9BBC-F119726C3F0F}.Release|x64.ActiveCfg = Release|Win32
		{28CECD74-BAE0-48DF-9BBC-F119726C3F0F}.Release|x86.ActiveCfg = Release|Win32
		{28CECD74-BAE0-48DF-9BBC-F119726C3F0F}.Release|x86.Build.0 = Release|Win32
		{C3135E94-6FA6-48F8-8127-A4215382B84E}.Debug|x64.ActiveCfg = Debug|Win32
		{C3135E94-6FA6-48F8-8127-A4215382B84E}.Debug|x86.ActiveCfg = Debug|Win32
		{C3135E94-6FA6-48F8-8127-A4215382B84E}.Debug|x86.Build.0 = Debug|Win32
		{C3135E94-6FA6-48F8-8127-A4215382B84E}.Release|x64.ActiveCfg = Debug|Win32
		{C3135E94-6FA6-48F8-8127-A4215382B84E}.Release|x64.Build.0 = Debug|Win32
		{C3135E94-6FA6-48F8-8127-A4215382B84E}.Release|x86.ActiveCfg = Debug|Win32
		{C3135E94-6FA6-48F8-8127-A4215382B84E}.Release|x86.Build.0 = Debug|Win32
		{8227241B-5D38-42FF-A2A5-23C3432E357D}.Debug|x64.ActiveCfg = Debug|x64
		{8227241B-5D38-42FF-A2A5-23C3432E357D}.Debug|x64.Build.0 = Debug|x64
		{8227241B-5D38-42FF-A2A5-23C3432E357D}.Debug|x86.ActiveCfg = Debug|Win32
		{8227241B-5D38-42FF-A2A5-23C3432E357D}.Debug|x86.Build.0 = Debug|Win32
		{8227241B-5D38-42FF-A2A5-23C3432E357D}.Release|x64.ActiveCfg = Release|x64
		{8227241B-5D38-42FF-A2A5-23C3432E357D}.Release|x64.Build.0 = Release|x64
		{8227241B-5D38-42FF-A2A5-23C3432E357D}.Release|x86.ActiveCfg = Release|Win32
		{8227241B-5D38-42FF-A2A5-23C3432E357D}.Release|x86.Build.0 = Release|Win32
	EndGlobalSection
	GlobalSection(SolutionProperties) = preSolution
		HideSolutionNode = FALSE
	EndGlobalSection
EndGlobal
